# THIS IS AN AUTOGENERATED FILE. DO NOT EDIT THIS FILE DIRECTLY.
# yarn lockfile v1


sortablejs@^1.15.3:
  version "1.15.3"
  resolved "https://registry.yarnpkg.com/sortablejs/-/sortablejs-1.15.3.tgz#033668db5ebfb11167d1249ab88e748f27959e29"
  integrity sha512-zdK3/kwwAK1cJgy1rwl1YtNTbRmc8qW/+vgXf75A7NHag5of4pyI6uK86ktmQETyWRH7IGaE73uZOOBcGxgqZg==
