# THIS IS AN AUTOGENERATED FILE. DO NOT EDIT THIS FILE DIRECTLY.
# yarn lockfile v1


browser-split@0.0.0:
  version "0.0.0"
  resolved "https://registry.yarnpkg.com/browser-split/-/browser-split-0.0.0.tgz#41419caef769755929dd518967d3eec0a6262771"
  integrity sha512-CNXO3AXAS1H/kOGQkPjucm1161/XoF3aVkMfujqwk85XN/D/MkQMvoB81lXyX/2rerZS+hPAYYRR3mAW05awjQ==

class-list@~0.1.0:
  version "0.1.1"
  resolved "https://registry.yarnpkg.com/class-list/-/class-list-0.1.1.tgz#9b9745192c4179b5da0a0d7633658e3c70d796cb"
  integrity sha512-zqR0uW+VsLtyQhixBhkdQ+z6B8+Y8HTh28kdSVjJ4zTTKM7Xz2asAQSya9VI6m/34F6N6Ktm0mrchKB+E5a8Xw==
  dependencies:
    indexof "0.0.1"

commander@~1.1.1:
  version "1.1.1"
  resolved "https://registry.yarnpkg.com/commander/-/commander-1.1.1.tgz#50d1651868ae60eccff0a2d9f34595376bc6b041"
  integrity sha512-71Rod2AhcH3JhkBikVpNd0pA+fWsmAaVoti6OR38T76chA7vE3pSerS0Jor4wDw+tOueD2zLVvFOw5H0Rcj7rA==
  dependencies:
    keypress "0.1.x"

hyperscript@~1.0.1:
  version "1.0.7"
  resolved "https://registry.yarnpkg.com/hyperscript/-/hyperscript-1.0.7.tgz#d88ed3c51934c6d6fa35b2abfd7c00f100820f65"
  integrity sha512-dyfX683lwCsXiVUnmfnO6xji30exAUtr2yWWfCDz6FXjD+qNXwGsBKgSfFTEKNg+MArVI25ZdadfqBgsA32NMw==
  dependencies:
    browser-split "0.0.0"
    class-list "~0.1.0"

indexof@0.0.1:
  version "0.0.1"
  resolved "https://registry.yarnpkg.com/indexof/-/indexof-0.0.1.tgz#82dc336d232b9062179d05ab3293a66059fd435d"
  integrity sha512-i0G7hLJ1z0DE8dsqJa2rycj9dBmNKgXBvotXtZYXakU9oivfB9Uj2ZBC27qqef2U58/ZLwalxa1X/RDCdkHtVg==

jquery-browserify@~1.8.1:
  version "1.8.1"
  resolved "https://registry.yarnpkg.com/jquery-browserify/-/jquery-browserify-1.8.1.tgz#0dea9d741a4f4115ae1980c4531b22502991a015"
  integrity sha512-IDMCKuU5padhYWP21juFL10BOySPnlihoX7R1dHKeCcwl/JdeO3trDbimKQdPXtQsWIdYMwkAyxQ3+ksEj1iMQ==

jquery@^3.7.1:
  version "3.7.1"
  resolved "https://registry.npmjs.org/jquery/-/jquery-3.7.1.tgz"
  integrity sha512-m4avr8yL8kmFN8psrbFFFmB/If14iN5o9nw/NgnnM+kybDJpRsAynV2BsfpTYrTRysYUdADVD7CkUUizgkpLfg==

js@^0.1.0:
  version "0.1.0"
  resolved "https://registry.yarnpkg.com/js/-/js-0.1.0.tgz#e1d0afd55ea39c2b28da304e8143eaf2c133f366"
  integrity sha512-ZBbGYOpact8QAH9RprFWL4RAESYwbDodxiuDjOnzwzzk9pBzKycoifGuUrHHcDixE/eLMKPHRaXenTgu1qXBqA==
  dependencies:
    commander "~1.1.1"

keypress@0.1.x:
  version "0.1.0"
  resolved "https://registry.yarnpkg.com/keypress/-/keypress-0.1.0.tgz#4a3188d4291b66b4f65edb99f806aa9ae293592a"
  integrity sha512-x0yf9PL/nx9Nw9oLL8ZVErFAk85/lslwEP7Vz7s5SI1ODXZIgit3C5qyWjw4DxOuO/3Hb4866SQh28a1V1d+WA==

observable@~1.3.1:
  version "1.3.1"
  resolved "https://registry.yarnpkg.com/observable/-/observable-1.3.1.tgz#3d2a203b1430daf6a4d6d36f236cc13e6ed5bb4e"
  integrity sha512-n1QLn+I5eo/4TJxdrC54mHPYwDPvCZQ9FwwM2VE/jVkXf7aodqb0XImZnLbAIeSbnsWm1BzGcwjxeKktD/rb9g==

rails-ujs@^5.2.8-1:
  version "5.2.8-1"
  resolved "https://registry.npmjs.org/rails-ujs/-/rails-ujs-5.2.8-1.tgz"
  integrity sha512-1Xfgv21r3Ira7sgepnvLD546q8hm/uIokK7Ocoi4uLsXkT0HHg8vJaxKfBqbjdb24YeOGBily+jxfcAle7dMWA==

sortable@^2.0.0:
  version "2.0.0"
  resolved "https://registry.yarnpkg.com/sortable/-/sortable-2.0.0.tgz#34b3542b42904c59b8454f55148a0f4f60186943"
  integrity sha512-VB3IABlS7TQDd2sRE5zSqW6pPqDsuduyuJZ5vcuGpR9gPQKtFrh1Y3xUAPfxhJ6djF1HYZEfXSO9mFs2eldJ3w==
  dependencies:
    hyperscript "~1.0.1"
    jquery-browserify "~1.8.1"
    observable "~1.3.1"

sortablejs@^1.15.3:
  version "1.15.3"
  resolved "https://registry.npmjs.org/sortablejs/-/sortablejs-1.15.3.tgz"
  integrity sha512-zdK3/kwwAK1cJgy1rwl1YtNTbRmc8qW/+vgXf75A7NHag5of4pyI6uK86ktmQETyWRH7IGaE73uZOOBcGxgqZg==

turbolinks@^5.2.0:
  version "5.2.0"
  resolved "https://registry.npmjs.org/turbolinks/-/turbolinks-5.2.0.tgz"
  integrity sha512-pMiez3tyBo6uRHFNNZoYMmrES/IaGgMhQQM+VFF36keryjb5ms0XkVpmKHkfW/4Vy96qiGW3K9bz0tF5sK9bBw==
